
Microsoft Visual Studio Solution File, Format Version 12.00
# Visual Studio Version 16
VisualStudioVersion = 16.0.31729.503
MinimumVisualStudioVersion = 10.0.40219.1
Project("{FAE04EC0-301F-11D3-BF4B-00C04F79EFBC}") = "Estructurada02", "Estructurada02\Estructurada02.csproj", "{A1D9E46E-8C1C-4AB2-9CCF-0F044EF066AE}"
EndProject
Global
	GlobalSection(SolutionConfigurationPlatforms) = preSolution
		Debug|Any CPU = Debug|Any CPU
		Release|Any CPU = Release|Any CPU
	EndGlobalSection
	GlobalSection(ProjectConfigurationPlatforms) = postSolution
		{A1D9E46E-8C1C-4AB2-9CCF-0F044EF066AE}.Debug|Any CPU.ActiveCfg = Debug|Any CPU
		{A1D9E46E-8C1C-4AB2-9CCF-0F044EF066AE}.Debug|Any CPU.Build.0 = Debug|Any CPU
		{A1D9E46E-8C1C-4AB2-9CCF-0F044EF066AE}.Release|Any CPU.ActiveCfg = Release|Any CPU
		{A1D9E46E-8C1C-4AB2-9CCF-0F044EF066AE}.Release|Any CPU.Build.0 = Release|Any CPU
	EndGlobalSection
	GlobalSection(SolutionProperties) = preSolution
		HideSolutionNode = FALSE
	EndGlobalSection
	GlobalSection(ExtensibilityGlobals) = postSolution
		SolutionGuid = {EB857B64-2585-421E-9442-991EF67784EC}
	EndGlobalSection
EndGlobal
