
Microsoft Visual Studio Solution File, Format Version 12.00
# Visual Studio Version 16
VisualStudioVersion = 16.0.31729.503
MinimumVisualStudioVersion = 10.0.40219.1
Project("{FAE04EC0-301F-11D3-BF4B-00C04F79EFBC}") = "Estructurada01", "Estructurada01\Estructurada01.csproj", "{34420395-1ECA-4E33-A3F0-9F8510452D7D}"
EndProject
Global
	GlobalSection(SolutionConfigurationPlatforms) = preSolution
		Debug|Any CPU = Debug|Any CPU
		Release|Any CPU = Release|Any CPU
	EndGlobalSection
	GlobalSection(ProjectConfigurationPlatforms) = postSolution
		{34420395-1ECA-4E33-A3F0-9F8510452D7D}.Debug|Any CPU.ActiveCfg = Debug|Any CPU
		{34420395-1ECA-4E33-A3F0-9F8510452D7D}.Debug|Any CPU.Build.0 = Debug|Any CPU
		{34420395-1ECA-4E33-A3F0-9F8510452D7D}.Release|Any CPU.ActiveCfg = Release|Any CPU
		{34420395-1ECA-4E33-A3F0-9F8510452D7D}.Release|Any CPU.Build.0 = Release|Any CPU
	EndGlobalSection
	GlobalSection(SolutionProperties) = preSolution
		HideSolutionNode = FALSE
	EndGlobalSection
	GlobalSection(ExtensibilityGlobals) = postSolution
		SolutionGuid = {F40BDD3B-F2C1-4DD9-9B2C-B25EB21F5698}
	EndGlobalSection
EndGlobal
